
Microsoft Visual Studio Solution File, Format Version 12.00
# Visual Studio Version 16
VisualStudioVersion = 16.0.32802.440
MinimumVisualStudioVersion = 10.0.40219.1
Project("{FAE04EC0-301F-11D3-BF4B-00C04F79EFBC}") = "ConsumeWSDL", "ConsumeWSDL.csproj", "{33D7B21C-4223-42E8-9D70-EC6BEF582282}"
EndProject
Project("{FAE04EC0-301F-11D3-BF4B-00C04F79EFBC}") = "WSDLServiceApp", "..\WSDLServiceApp\WSDLServiceApp.csproj", "{26C33939-DBA0-449C-82D8-C1A5D6716088}"
EndProject
Global
	GlobalSection(SolutionConfigurationPlatforms) = preSolution
		Debug|Any CPU = Debug|Any CPU
		Release|Any CPU = Release|Any CPU
	EndGlobalSection
	GlobalSection(ProjectConfigurationPlatforms) = postSolution
		{33D7B21C-4223-42E8-9D70-EC6BEF582282}.Debug|Any CPU.ActiveCfg = Debug|Any CPU
		{33D7B21C-4223-42E8-9D70-EC6BEF582282}.Debug|Any CPU.Build.0 = Debug|Any CPU
		{33D7B21C-4223-42E8-9D70-EC6BEF582282}.Release|Any CPU.ActiveCfg = Release|Any CPU
		{33D7B21C-4223-42E8-9D70-EC6BEF582282}.Release|Any CPU.Build.0 = Release|Any CPU
		{26C33939-DBA0-449C-82D8-C1A5D6716088}.Debug|Any CPU.ActiveCfg = Debug|Any CPU
		{26C33939-DBA0-449C-82D8-C1A5D6716088}.Debug|Any CPU.Build.0 = Debug|Any CPU
		{26C33939-DBA0-449C-82D8-C1A5D6716088}.Release|Any CPU.ActiveCfg = Release|Any CPU
		{26C33939-DBA0-449C-82D8-C1A5D6716088}.Release|Any CPU.Build.0 = Release|Any CPU
	EndGlobalSection
	GlobalSection(SolutionProperties) = preSolution
		HideSolutionNode = FALSE
	EndGlobalSection
	GlobalSection(ExtensibilityGlobals) = postSolution
		SolutionGuid = {FBABAD3D-CC1B-4519-A705-54BB2B747274}
	EndGlobalSection
EndGlobal
